{
  "name": "custom-resource",
  "version": "1.0.0",
  "lockfileVersion": 2,
  "requires": true,
  "packages": {
    "": {
      "name": "custom-resource",
      "version": "1.0.0",
      "dependencies": {
        "@aws-cdk/aws-iam": "~1.124.0",
        "@aws-cdk/aws-sns": "~1.124.0",
        "@aws-cdk/aws-sns-subscriptions": "~1.124.0",
        "@aws-cdk/aws-sqs": "~1.124.0",
        "@aws-cdk/core": "~1.124.0",
        "@types/fs-extra": "^9.0.11",
        "fs-extra": "^9.1.0"
      },
      "devDependencies": {
        "typescript": "^4.2.4"
      }
    },
    "node_modules/@aws-cdk/assets": {
      "version": "1.124.0",
      "resolved": "https://registry.npmjs.org/@aws-cdk/assets/-/assets-1.124.0.tgz",
      "integrity": "sha512-3ObGSa+DAwBO0B81IWuGyjIveFak/eZjARKDR0ZxWqXXotrtC2NzT/cHsscqwLzTw0WdDBT9JT/r3ib+PxzZ7g==",
      "dependencies": {
        "@aws-cdk/core": "1.124.0",
        "@aws-cdk/cx-api": "1.124.0",
        "constructs": "^3.3.69"
      },
      "engines": {
        "node": ">= 10.13.0 <13 || >=13.7.0"
      },
      "peerDependencies": {
        "@aws-cdk/core": "1.124.0",
        "@aws-cdk/cx-api": "1.124.0",
        "constructs": "^3.3.69"
      }
    },
    "node_modules/@aws-cdk/aws-applicationautoscaling": {
      "version": "1.124.0",
      "resolved": "https://registry.npmjs.org/@aws-cdk/aws-applicationautoscaling/-/aws-applicationautoscaling-1.124.0.tgz",
      "integrity": "sha512-gllRWs1PzmF2b+YjexjNx5fOKGJi9MfT3ggdPl/kVBbyc7qhyC6p6RVB0Q+FcTF9p0vM7ATAJgYN3eBzlB04/w==",
      "dependencies": {
        "@aws-cdk/aws-autoscaling-common": "1.124.0",
        "@aws-cdk/aws-cloudwatch": "1.124.0",
        "@aws-cdk/aws-iam": "1.124.0",
        "@aws-cdk/core": "1.124.0",
        "constructs": "^3.3.69"
      },
      "engines": {
        "node": ">= 10.13.0 <13 || >=13.7.0"
      },
      "peerDependencies": {
        "@aws-cdk/aws-autoscaling-common": "1.124.0",
        "@aws-cdk/aws-cloudwatch": "1.124.0",
        "@aws-cdk/aws-iam": "1.124.0",
        "@aws-cdk/core": "1.124.0",
        "constructs": "^3.3.69"
      }
    },
    "node_modules/@aws-cdk/aws-autoscaling-common": {
      "version": "1.124.0",
      "resolved": "https://registry.npmjs.org/@aws-cdk/aws-autoscaling-common/-/aws-autoscaling-common-1.124.0.tgz",
      "integrity": "sha512-Ef+YT0GSXtkc0jTwXmNqjbUtjHXgIg5FSt4lkfWRe2DzG/AeCEZDY0s+yUJMn6tXk1ubmqgIZO/i0VhTq8nW/g==",
      "dependencies": {
        "@aws-cdk/aws-iam": "1.124.0",
        "@aws-cdk/core": "1.124.0",
        "constructs": "^3.3.69"
      },
      "engines": {
        "node": ">= 10.13.0 <13 || >=13.7.0"
      },
      "peerDependencies": {
        "@aws-cdk/aws-iam": "1.124.0",
        "@aws-cdk/core": "1.124.0",
        "constructs": "^3.3.69"
      }
    },
    "node_modules/@aws-cdk/aws-cloudwatch": {
      "version": "1.124.0",
      "resolved": "https://registry.npmjs.org/@aws-cdk/aws-cloudwatch/-/aws-cloudwatch-1.124.0.tgz",
      "integrity": "sha512-+CeTPF9U+lb6sR40JacovT+/fAaxxCuEa6GCOEiwDqX3vJD5zlYQ4Aj58cvuY7jUB48aavk+aSpgS/DCIepFOw==",
      "dependencies": {
        "@aws-cdk/aws-iam": "1.124.0",
        "@aws-cdk/core": "1.124.0",
        "constructs": "^3.3.69"
      },
      "engines": {
        "node": ">= 10.13.0 <13 || >=13.7.0"
      },
      "peerDependencies": {
        "@aws-cdk/aws-iam": "1.124.0",
        "@aws-cdk/core": "1.124.0",
        "constructs": "^3.3.69"
      }
    },
    "node_modules/@aws-cdk/aws-codeguruprofiler": {
      "version": "1.124.0",
      "resolved": "https://registry.npmjs.org/@aws-cdk/aws-codeguruprofiler/-/aws-codeguruprofiler-1.124.0.tgz",
      "integrity": "sha512-KSbxNZeIkp0C9PoSCpJAgFvX5BlrjRS62L9mMwaZZ3atzlrKJdvOhUPJ512UcA+y8GrsK4AU8cKlCznEtSWcsw==",
      "dependencies": {
        "@aws-cdk/aws-iam": "1.124.0",
        "@aws-cdk/core": "1.124.0",
        "constructs": "^3.3.69"
      },
      "engines": {
        "node": ">= 10.13.0 <13 || >=13.7.0"
      },
      "peerDependencies": {
        "@aws-cdk/aws-iam": "1.124.0",
        "@aws-cdk/core": "1.124.0",
        "constructs": "^3.3.69"
      }
    },
    "node_modules/@aws-cdk/aws-codestarnotifications": {
      "version": "1.124.0",
      "resolved": "https://registry.npmjs.org/@aws-cdk/aws-codestarnotifications/-/aws-codestarnotifications-1.124.0.tgz",
      "integrity": "sha512-4u8Sdd5hUMgWGdEVVp7q8yb7oG0LdVtJ443fNlcx2lNjz1OnUrM7sBHeodmT+8ILxDqbP+5qglwqHSWYBzzZ+w==",
      "dependencies": {
        "@aws-cdk/core": "1.124.0",
        "constructs": "^3.3.69"
      },
      "engines": {
        "node": ">= 10.13.0 <13 || >=13.7.0"
      },
      "peerDependencies": {
        "@aws-cdk/core": "1.124.0",
        "constructs": "^3.3.69"
      }
    },
    "node_modules/@aws-cdk/aws-ec2": {
      "version": "1.124.0",
      "resolved": "https://registry.npmjs.org/@aws-cdk/aws-ec2/-/aws-ec2-1.124.0.tgz",
      "integrity": "sha512-G7h7jhbK5DUrPvxb7DXh3/ZPR1UtVaek6Hgd7/gV1oySbCEmxkPcJuODB/4rWe7CJHDNZJm1K1fldB1lDjpBsQ==",
      "dependencies": {
        "@aws-cdk/aws-cloudwatch": "1.124.0",
        "@aws-cdk/aws-iam": "1.124.0",
        "@aws-cdk/aws-kms": "1.124.0",
        "@aws-cdk/aws-logs": "1.124.0",
        "@aws-cdk/aws-s3": "1.124.0",
        "@aws-cdk/aws-s3-assets": "1.124.0",
        "@aws-cdk/aws-ssm": "1.124.0",
        "@aws-cdk/cloud-assembly-schema": "1.124.0",
        "@aws-cdk/core": "1.124.0",
        "@aws-cdk/cx-api": "1.124.0",
        "@aws-cdk/region-info": "1.124.0",
        "constructs": "^3.3.69"
      },
      "engines": {
        "node": ">= 10.13.0 <13 || >=13.7.0"
      },
      "peerDependencies": {
        "@aws-cdk/aws-cloudwatch": "1.124.0",
        "@aws-cdk/aws-iam": "1.124.0",
        "@aws-cdk/aws-kms": "1.124.0",
        "@aws-cdk/aws-logs": "1.124.0",
        "@aws-cdk/aws-s3": "1.124.0",
        "@aws-cdk/aws-s3-assets": "1.124.0",
        "@aws-cdk/aws-ssm": "1.124.0",
        "@aws-cdk/cloud-assembly-schema": "1.124.0",
        "@aws-cdk/core": "1.124.0",
        "@aws-cdk/cx-api": "1.124.0",
        "@aws-cdk/region-info": "1.124.0",
        "constructs": "^3.3.69"
      }
    },
    "node_modules/@aws-cdk/aws-ecr": {
      "version": "1.124.0",
      "resolved": "https://registry.npmjs.org/@aws-cdk/aws-ecr/-/aws-ecr-1.124.0.tgz",
      "integrity": "sha512-0MjU7r4CdGvKDcQHfwopihTBXE72Mnr05mmanZPOZ6JL1PwHqLGaeRODgaVF1v4GAw5v3zDoKx+LThCq833CUg==",
      "dependencies": {
        "@aws-cdk/aws-events": "1.124.0",
        "@aws-cdk/aws-iam": "1.124.0",
        "@aws-cdk/core": "1.124.0",
        "constructs": "^3.3.69"
      },
      "engines": {
        "node": ">= 10.13.0 <13 || >=13.7.0"
      },
      "peerDependencies": {
        "@aws-cdk/aws-events": "1.124.0",
        "@aws-cdk/aws-iam": "1.124.0",
        "@aws-cdk/core": "1.124.0",
        "constructs": "^3.3.69"
      }
    },
    "node_modules/@aws-cdk/aws-ecr-assets": {
      "version": "1.124.0",
      "resolved": "https://registry.npmjs.org/@aws-cdk/aws-ecr-assets/-/aws-ecr-assets-1.124.0.tgz",
      "integrity": "sha512-wsajG5+wqwZ9+0dS18bCtVe4X6noJT8WKNNoe8nSk2UkUZwtt0J56Y9P7qtCrnMQFysBjIH0EP7jT6BUIAq01Q==",
      "bundleDependencies": [
        "minimatch"
      ],
      "dependencies": {
        "@aws-cdk/assets": "1.124.0",
        "@aws-cdk/aws-ecr": "1.124.0",
        "@aws-cdk/aws-iam": "1.124.0",
        "@aws-cdk/aws-s3": "1.124.0",
        "@aws-cdk/core": "1.124.0",
        "@aws-cdk/cx-api": "1.124.0",
        "constructs": "^3.3.69",
        "minimatch": "^3.0.4"
      },
      "engines": {
        "node": ">= 10.13.0 <13 || >=13.7.0"
      },
      "peerDependencies": {
        "@aws-cdk/assets": "1.124.0",
        "@aws-cdk/aws-ecr": "1.124.0",
        "@aws-cdk/aws-iam": "1.124.0",
        "@aws-cdk/aws-s3": "1.124.0",
        "@aws-cdk/core": "1.124.0",
        "@aws-cdk/cx-api": "1.124.0",
        "constructs": "^3.3.69"
      }
    },
    "node_modules/@aws-cdk/aws-ecr-assets/node_modules/balanced-match": {
      "version": "1.0.2",
      "inBundle": true,
      "license": "MIT"
    },
    "node_modules/@aws-cdk/aws-ecr-assets/node_modules/brace-expansion": {
      "version": "1.1.11",
      "inBundle": true,
      "license": "MIT",
      "dependencies": {
        "balanced-match": "^1.0.0",
        "concat-map": "0.0.1"
      }
    },
    "node_modules/@aws-cdk/aws-ecr-assets/node_modules/concat-map": {
      "version": "0.0.1",
      "inBundle": true,
      "license": "MIT"
    },
    "node_modules/@aws-cdk/aws-ecr-assets/node_modules/minimatch": {
      "version": "3.0.4",
      "inBundle": true,
      "license": "ISC",
      "dependencies": {
        "brace-expansion": "^1.1.7"
      },
      "engines": {
        "node": "*"
      }
    },
    "node_modules/@aws-cdk/aws-efs": {
      "version": "1.124.0",
      "resolved": "https://registry.npmjs.org/@aws-cdk/aws-efs/-/aws-efs-1.124.0.tgz",
      "integrity": "sha512-bhzFlyTcFTxPO4eEqHh06DFR7kxqtUcTZe9Wbd/gGrksJIU6LpmFOvGzuxBtDb/YyrjQmDc3yU+aeQo9htCm6A==",
      "dependencies": {
        "@aws-cdk/aws-ec2": "1.124.0",
        "@aws-cdk/aws-iam": "1.124.0",
        "@aws-cdk/aws-kms": "1.124.0",
        "@aws-cdk/cloud-assembly-schema": "1.124.0",
        "@aws-cdk/core": "1.124.0",
        "@aws-cdk/cx-api": "1.124.0",
        "constructs": "^3.3.69"
      },
      "engines": {
        "node": ">= 10.13.0 <13 || >=13.7.0"
      },
      "peerDependencies": {
        "@aws-cdk/aws-ec2": "1.124.0",
        "@aws-cdk/aws-iam": "1.124.0",
        "@aws-cdk/aws-kms": "1.124.0",
        "@aws-cdk/cloud-assembly-schema": "1.124.0",
        "@aws-cdk/core": "1.124.0",
        "@aws-cdk/cx-api": "1.124.0",
        "constructs": "^3.3.69"
      }
    },
    "node_modules/@aws-cdk/aws-events": {
      "version": "1.124.0",
      "resolved": "https://registry.npmjs.org/@aws-cdk/aws-events/-/aws-events-1.124.0.tgz",
      "integrity": "sha512-zF1RWh6YdGdns0zbym6b3mnp0LNsX0lPfyronHHZuHcybnPFLaCbHyUUZaw2iKnztIid4tGxnpKgxkfBIr/MsQ==",
      "dependencies": {
        "@aws-cdk/aws-iam": "1.124.0",
        "@aws-cdk/core": "1.124.0",
        "constructs": "^3.3.69"
      },
      "engines": {
        "node": ">= 10.13.0 <13 || >=13.7.0"
      },
      "peerDependencies": {
        "@aws-cdk/aws-iam": "1.124.0",
        "@aws-cdk/core": "1.124.0",
        "constructs": "^3.3.69"
      }
    },
    "node_modules/@aws-cdk/aws-iam": {
      "version": "1.124.0",
      "resolved": "https://registry.npmjs.org/@aws-cdk/aws-iam/-/aws-iam-1.124.0.tgz",
      "integrity": "sha512-fuN+M7y/t8GH9KVgui84yTCM1zz7m/MZU/8a8lggkiP9j0d/wKiDq/vtiyvuNvPr0Mow9gFOB1y3DCunF48IwQ==",
      "dependencies": {
        "@aws-cdk/core": "1.124.0",
        "@aws-cdk/region-info": "1.124.0",
        "constructs": "^3.3.69"
      },
      "engines": {
        "node": ">= 10.13.0 <13 || >=13.7.0"
      },
      "peerDependencies": {
        "@aws-cdk/core": "1.124.0",
        "@aws-cdk/region-info": "1.124.0",
        "constructs": "^3.3.69"
      }
    },
    "node_modules/@aws-cdk/aws-kms": {
      "version": "1.124.0",
      "resolved": "https://registry.npmjs.org/@aws-cdk/aws-kms/-/aws-kms-1.124.0.tgz",
      "integrity": "sha512-fsJCcRGZFGRruK0o3LbklHtMGV4rEvmDRLkEbWXu/U8sfn2uEF7MfdQHKjpVhkNT33pGTeEwYUO+vneZZsXfew==",
      "dependencies": {
        "@aws-cdk/aws-iam": "1.124.0",
        "@aws-cdk/cloud-assembly-schema": "1.124.0",
        "@aws-cdk/core": "1.124.0",
        "@aws-cdk/cx-api": "1.124.0",
        "constructs": "^3.3.69"
      },
      "engines": {
        "node": ">= 10.13.0 <13 || >=13.7.0"
      },
      "peerDependencies": {
        "@aws-cdk/aws-iam": "1.124.0",
        "@aws-cdk/cloud-assembly-schema": "1.124.0",
        "@aws-cdk/core": "1.124.0",
        "@aws-cdk/cx-api": "1.124.0",
        "constructs": "^3.3.69"
      }
    },
    "node_modules/@aws-cdk/aws-lambda": {
      "version": "1.124.0",
      "resolved": "https://registry.npmjs.org/@aws-cdk/aws-lambda/-/aws-lambda-1.124.0.tgz",
      "integrity": "sha512-45Ttb6JCgDAlKXc3KR2dCUVM/SCkO2YArsI/mSWb7ECt676c4Ykhmaz/Zvrnl/3/21KVkG1hjLEY7ZoLa1ExNQ==",
      "dependencies": {
        "@aws-cdk/aws-applicationautoscaling": "1.124.0",
        "@aws-cdk/aws-cloudwatch": "1.124.0",
        "@aws-cdk/aws-codeguruprofiler": "1.124.0",
        "@aws-cdk/aws-ec2": "1.124.0",
        "@aws-cdk/aws-ecr": "1.124.0",
        "@aws-cdk/aws-ecr-assets": "1.124.0",
        "@aws-cdk/aws-efs": "1.124.0",
        "@aws-cdk/aws-events": "1.124.0",
        "@aws-cdk/aws-iam": "1.124.0",
        "@aws-cdk/aws-kms": "1.124.0",
        "@aws-cdk/aws-logs": "1.124.0",
        "@aws-cdk/aws-s3": "1.124.0",
        "@aws-cdk/aws-s3-assets": "1.124.0",
        "@aws-cdk/aws-signer": "1.124.0",
        "@aws-cdk/aws-sqs": "1.124.0",
        "@aws-cdk/core": "1.124.0",
        "@aws-cdk/cx-api": "1.124.0",
        "@aws-cdk/region-info": "1.124.0",
        "constructs": "^3.3.69"
      },
      "engines": {
        "node": ">= 10.13.0 <13 || >=13.7.0"
      },
      "peerDependencies": {
        "@aws-cdk/aws-applicationautoscaling": "1.124.0",
        "@aws-cdk/aws-cloudwatch": "1.124.0",
        "@aws-cdk/aws-codeguruprofiler": "1.124.0",
        "@aws-cdk/aws-ec2": "1.124.0",
        "@aws-cdk/aws-ecr": "1.124.0",
        "@aws-cdk/aws-ecr-assets": "1.124.0",
        "@aws-cdk/aws-efs": "1.124.0",
        "@aws-cdk/aws-events": "1.124.0",
        "@aws-cdk/aws-iam": "1.124.0",
        "@aws-cdk/aws-kms": "1.124.0",
        "@aws-cdk/aws-logs": "1.124.0",
        "@aws-cdk/aws-s3": "1.124.0",
        "@aws-cdk/aws-s3-assets": "1.124.0",
        "@aws-cdk/aws-signer": "1.124.0",
        "@aws-cdk/aws-sqs": "1.124.0",
        "@aws-cdk/core": "1.124.0",
        "@aws-cdk/cx-api": "1.124.0",
        "@aws-cdk/region-info": "1.124.0",
        "constructs": "^3.3.69"
      }
    },
    "node_modules/@aws-cdk/aws-logs": {
      "version": "1.124.0",
      "resolved": "https://registry.npmjs.org/@aws-cdk/aws-logs/-/aws-logs-1.124.0.tgz",
      "integrity": "sha512-V5SnKmueSkgzMMJH+8SWWUFp3eQjmplNDGRjXfgBVYcrQU3AAvMw9KzP+PfFnjUBH40RUFyGIhPnCH4X+yTngA==",
      "dependencies": {
        "@aws-cdk/aws-cloudwatch": "1.124.0",
        "@aws-cdk/aws-iam": "1.124.0",
        "@aws-cdk/aws-kms": "1.124.0",
        "@aws-cdk/aws-s3-assets": "1.124.0",
        "@aws-cdk/core": "1.124.0",
        "constructs": "^3.3.69"
      },
      "engines": {
        "node": ">= 10.13.0 <13 || >=13.7.0"
      },
      "peerDependencies": {
        "@aws-cdk/aws-cloudwatch": "1.124.0",
        "@aws-cdk/aws-iam": "1.124.0",
        "@aws-cdk/aws-kms": "1.124.0",
        "@aws-cdk/aws-s3-assets": "1.124.0",
        "@aws-cdk/core": "1.124.0",
        "constructs": "^3.3.69"
      }
    },
    "node_modules/@aws-cdk/aws-s3": {
      "version": "1.124.0",
      "resolved": "https://registry.npmjs.org/@aws-cdk/aws-s3/-/aws-s3-1.124.0.tgz",
      "integrity": "sha512-9S0NZrIMX9wf2snJZVrumR3eSTExAznFBA/vgnVfGulcp9O+U81TEygHPORWSSB23pUGk2e0tDRQHKsrZ4v/aA==",
      "dependencies": {
        "@aws-cdk/aws-events": "1.124.0",
        "@aws-cdk/aws-iam": "1.124.0",
        "@aws-cdk/aws-kms": "1.124.0",
        "@aws-cdk/core": "1.124.0",
        "@aws-cdk/cx-api": "1.124.0",
        "constructs": "^3.3.69"
      },
      "engines": {
        "node": ">= 10.13.0 <13 || >=13.7.0"
      },
      "peerDependencies": {
        "@aws-cdk/aws-events": "1.124.0",
        "@aws-cdk/aws-iam": "1.124.0",
        "@aws-cdk/aws-kms": "1.124.0",
        "@aws-cdk/core": "1.124.0",
        "@aws-cdk/cx-api": "1.124.0",
        "constructs": "^3.3.69"
      }
    },
    "node_modules/@aws-cdk/aws-s3-assets": {
      "version": "1.124.0",
      "resolved": "https://registry.npmjs.org/@aws-cdk/aws-s3-assets/-/aws-s3-assets-1.124.0.tgz",
      "integrity": "sha512-tl6AyIOIWWbLcBP1jjaWIkSiG3n0L9UhDJzrD68rybNKS6qOdxlcQqvNbsZWBBmZrypU+AjlhY5vx40WbDficQ==",
      "dependencies": {
        "@aws-cdk/assets": "1.124.0",
        "@aws-cdk/aws-iam": "1.124.0",
        "@aws-cdk/aws-kms": "1.124.0",
        "@aws-cdk/aws-s3": "1.124.0",
        "@aws-cdk/core": "1.124.0",
        "@aws-cdk/cx-api": "1.124.0",
        "constructs": "^3.3.69"
      },
      "engines": {
        "node": ">= 10.13.0 <13 || >=13.7.0"
      },
      "peerDependencies": {
        "@aws-cdk/assets": "1.124.0",
        "@aws-cdk/aws-iam": "1.124.0",
        "@aws-cdk/aws-kms": "1.124.0",
        "@aws-cdk/aws-s3": "1.124.0",
        "@aws-cdk/core": "1.124.0",
        "@aws-cdk/cx-api": "1.124.0",
        "constructs": "^3.3.69"
      }
    },
    "node_modules/@aws-cdk/aws-signer": {
      "version": "1.124.0",
      "resolved": "https://registry.npmjs.org/@aws-cdk/aws-signer/-/aws-signer-1.124.0.tgz",
      "integrity": "sha512-wxZxzCSAcb1WCzikiUh3KYvW8b2L0/lh77R+54rbWQYgKhUlQn+DF3IK4ngg7vVFBXtYgIKxEY2Mqf3AqbW0fw==",
      "dependencies": {
        "@aws-cdk/core": "1.124.0",
        "constructs": "^3.3.69"
      },
      "engines": {
        "node": ">= 10.13.0 <13 || >=13.7.0"
      },
      "peerDependencies": {
        "@aws-cdk/core": "1.124.0",
        "constructs": "^3.3.69"
      }
    },
    "node_modules/@aws-cdk/aws-sns": {
      "version": "1.124.0",
      "resolved": "https://registry.npmjs.org/@aws-cdk/aws-sns/-/aws-sns-1.124.0.tgz",
      "integrity": "sha512-cG1VyT6jM9SARw8aqPMdLtjbta1+hPhlFgyuAln8PvwhHSHPSyDDvkojd7zcxvVzELRj64IQ8HZ5l07JT76t+Q==",
      "dependencies": {
        "@aws-cdk/aws-cloudwatch": "1.124.0",
        "@aws-cdk/aws-codestarnotifications": "1.124.0",
        "@aws-cdk/aws-events": "1.124.0",
        "@aws-cdk/aws-iam": "1.124.0",
        "@aws-cdk/aws-kms": "1.124.0",
        "@aws-cdk/aws-sqs": "1.124.0",
        "@aws-cdk/core": "1.124.0",
        "constructs": "^3.3.69"
      },
      "engines": {
        "node": ">= 10.13.0 <13 || >=13.7.0"
      },
      "peerDependencies": {
        "@aws-cdk/aws-cloudwatch": "1.124.0",
        "@aws-cdk/aws-codestarnotifications": "1.124.0",
        "@aws-cdk/aws-events": "1.124.0",
        "@aws-cdk/aws-iam": "1.124.0",
        "@aws-cdk/aws-kms": "1.124.0",
        "@aws-cdk/aws-sqs": "1.124.0",
        "@aws-cdk/core": "1.124.0",
        "constructs": "^3.3.69"
      }
    },
    "node_modules/@aws-cdk/aws-sns-subscriptions": {
      "version": "1.124.0",
      "resolved": "https://registry.npmjs.org/@aws-cdk/aws-sns-subscriptions/-/aws-sns-subscriptions-1.124.0.tgz",
      "integrity": "sha512-7ycJOzCwNZIx8lYOunCVvU5rXv5dtUnayvMNeVKlKz+3in1p+7/XmCxDsDibVg6mbd0yE+G6LF+HToc0iFEc9A==",
      "dependencies": {
        "@aws-cdk/aws-iam": "1.124.0",
        "@aws-cdk/aws-kms": "1.124.0",
        "@aws-cdk/aws-lambda": "1.124.0",
        "@aws-cdk/aws-sns": "1.124.0",
        "@aws-cdk/aws-sqs": "1.124.0",
        "@aws-cdk/core": "1.124.0",
        "constructs": "^3.3.69"
      },
      "engines": {
        "node": ">= 10.13.0 <13 || >=13.7.0"
      },
      "peerDependencies": {
        "@aws-cdk/aws-iam": "1.124.0",
        "@aws-cdk/aws-kms": "1.124.0",
        "@aws-cdk/aws-lambda": "1.124.0",
        "@aws-cdk/aws-sns": "1.124.0",
        "@aws-cdk/aws-sqs": "1.124.0",
        "@aws-cdk/core": "1.124.0",
        "constructs": "^3.3.69"
      }
    },
    "node_modules/@aws-cdk/aws-sqs": {
      "version": "1.124.0",
      "resolved": "https://registry.npmjs.org/@aws-cdk/aws-sqs/-/aws-sqs-1.124.0.tgz",
      "integrity": "sha512-yUOe+jC5fi+NHOEr3f5UHLJJxW2HRdE4aUjlF1wsAa+kwG9lecN4TlP2POTkZm0SkXeaA/4WHhhimDxKy54Djg==",
      "dependencies": {
        "@aws-cdk/aws-cloudwatch": "1.124.0",
        "@aws-cdk/aws-iam": "1.124.0",
        "@aws-cdk/aws-kms": "1.124.0",
        "@aws-cdk/core": "1.124.0",
        "constructs": "^3.3.69"
      },
      "engines": {
        "node": ">= 10.13.0 <13 || >=13.7.0"
      },
      "peerDependencies": {
        "@aws-cdk/aws-cloudwatch": "1.124.0",
        "@aws-cdk/aws-iam": "1.124.0",
        "@aws-cdk/aws-kms": "1.124.0",
        "@aws-cdk/core": "1.124.0",
        "constructs": "^3.3.69"
      }
    },
    "node_modules/@aws-cdk/aws-ssm": {
      "version": "1.124.0",
      "resolved": "https://registry.npmjs.org/@aws-cdk/aws-ssm/-/aws-ssm-1.124.0.tgz",
      "integrity": "sha512-41mopAh9ZTg3SL04P0WOO1d3sCDYJL3A/fPWCxDuzizSojdI2EWqvKf/5Lu1NY1jYZG+2ls7xqgG4b8x9BDILw==",
      "dependencies": {
        "@aws-cdk/aws-iam": "1.124.0",
        "@aws-cdk/aws-kms": "1.124.0",
        "@aws-cdk/cloud-assembly-schema": "1.124.0",
        "@aws-cdk/core": "1.124.0",
        "constructs": "^3.3.69"
      },
      "engines": {
        "node": ">= 10.13.0 <13 || >=13.7.0"
      },
      "peerDependencies": {
        "@aws-cdk/aws-iam": "1.124.0",
        "@aws-cdk/aws-kms": "1.124.0",
        "@aws-cdk/cloud-assembly-schema": "1.124.0",
        "@aws-cdk/core": "1.124.0",
        "constructs": "^3.3.69"
      }
    },
    "node_modules/@aws-cdk/cloud-assembly-schema": {
      "version": "1.124.0",
      "resolved": "https://registry.npmjs.org/@aws-cdk/cloud-assembly-schema/-/cloud-assembly-schema-1.124.0.tgz",
      "integrity": "sha512-emrkfHetGoh6lhrT7ato06VAZun1UVYjJueL9avHxFgzX5qiobP4iWk6M0EZpk7yHlDOtJtp86MJalYYMS6Oww==",
      "bundleDependencies": [
        "jsonschema",
        "semver"
      ],
      "dependencies": {
        "jsonschema": "^1.4.0",
        "semver": "^7.3.5"
      },
      "engines": {
        "node": ">= 10.13.0 <13 || >=13.7.0"
      }
    },
    "node_modules/@aws-cdk/cloud-assembly-schema/node_modules/jsonschema": {
      "version": "1.4.0",
      "inBundle": true,
      "license": "MIT",
      "engines": {
        "node": "*"
      }
    },
    "node_modules/@aws-cdk/cloud-assembly-schema/node_modules/lru-cache": {
      "version": "6.0.0",
      "inBundle": true,
      "license": "ISC",
      "dependencies": {
        "yallist": "^4.0.0"
      },
      "engines": {
        "node": ">=10"
      }
    },
    "node_modules/@aws-cdk/cloud-assembly-schema/node_modules/semver": {
      "version": "7.3.5",
      "inBundle": true,
      "license": "ISC",
      "dependencies": {
        "lru-cache": "^6.0.0"
      },
      "bin": {
        "semver": "bin/semver.js"
      },
      "engines": {
        "node": ">=10"
      }
    },
    "node_modules/@aws-cdk/cloud-assembly-schema/node_modules/yallist": {
      "version": "4.0.0",
      "inBundle": true,
      "license": "ISC"
    },
    "node_modules/@aws-cdk/core": {
      "version": "1.124.0",
      "resolved": "https://registry.npmjs.org/@aws-cdk/core/-/core-1.124.0.tgz",
      "integrity": "sha512-QsTLvOuF+WJdtF11Bwuh+THWry7OmErs3XDaiHFweZPLMc2O3EEQvCgSKstH7Y9HUTpW7ZSGQHryxCjpTl1Wmg==",
      "bundleDependencies": [
        "fs-extra",
        "minimatch",
        "@balena/dockerignore",
        "ignore"
      ],
      "dependencies": {
        "@aws-cdk/cloud-assembly-schema": "1.124.0",
        "@aws-cdk/cx-api": "1.124.0",
        "@aws-cdk/region-info": "1.124.0",
        "@balena/dockerignore": "^1.0.2",
        "constructs": "^3.3.69",
        "fs-extra": "^9.1.0",
        "ignore": "^5.1.8",
        "minimatch": "^3.0.4"
      },
      "engines": {
        "node": ">= 10.13.0 <13 || >=13.7.0"
      },
      "peerDependencies": {
        "@aws-cdk/cloud-assembly-schema": "1.124.0",
        "@aws-cdk/cx-api": "1.124.0",
        "@aws-cdk/region-info": "1.124.0",
        "constructs": "^3.3.69"
      }
    },
    "node_modules/@aws-cdk/core/node_modules/@balena/dockerignore": {
      "version": "1.0.2",
      "inBundle": true,
      "license": "Apache-2.0"
    },
    "node_modules/@aws-cdk/core/node_modules/at-least-node": {
      "version": "1.0.0",
      "inBundle": true,
      "license": "ISC",
      "engines": {
        "node": ">= 4.0.0"
      }
    },
    "node_modules/@aws-cdk/core/node_modules/balanced-match": {
      "version": "1.0.2",
      "inBundle": true,
      "license": "MIT"
    },
    "node_modules/@aws-cdk/core/node_modules/brace-expansion": {
      "version": "1.1.11",
      "inBundle": true,
      "license": "MIT",
      "dependencies": {
        "balanced-match": "^1.0.0",
        "concat-map": "0.0.1"
      }
    },
    "node_modules/@aws-cdk/core/node_modules/concat-map": {
      "version": "0.0.1",
      "inBundle": true,
      "license": "MIT"
    },
    "node_modules/@aws-cdk/core/node_modules/fs-extra": {
      "version": "9.1.0",
      "inBundle": true,
      "license": "MIT",
      "dependencies": {
        "at-least-node": "^1.0.0",
        "graceful-fs": "^4.2.0",
        "jsonfile": "^6.0.1",
        "universalify": "^2.0.0"
      },
      "engines": {
        "node": ">=10"
      }
    },
    "node_modules/@aws-cdk/core/node_modules/graceful-fs": {
      "version": "4.2.6",
      "inBundle": true,
      "license": "ISC"
    },
    "node_modules/@aws-cdk/core/node_modules/ignore": {
      "version": "5.1.8",
      "inBundle": true,
      "license": "MIT",
      "engines": {
        "node": ">= 4"
      }
    },
    "node_modules/@aws-cdk/core/node_modules/jsonfile": {
      "version": "6.1.0",
      "inBundle": true,
      "license": "MIT",
      "dependencies": {
        "universalify": "^2.0.0"
      },
      "optionalDependencies": {
        "graceful-fs": "^4.1.6"
      }
    },
    "node_modules/@aws-cdk/core/node_modules/minimatch": {
      "version": "3.0.4",
      "inBundle": true,
      "license": "ISC",
      "dependencies": {
        "brace-expansion": "^1.1.7"
      },
      "engines": {
        "node": "*"
      }
    },
    "node_modules/@aws-cdk/core/node_modules/universalify": {
      "version": "2.0.0",
      "inBundle": true,
      "license": "MIT",
      "engines": {
        "node": ">= 10.0.0"
      }
    },
    "node_modules/@aws-cdk/cx-api": {
      "version": "1.124.0",
      "resolved": "https://registry.npmjs.org/@aws-cdk/cx-api/-/cx-api-1.124.0.tgz",
      "integrity": "sha512-InBcAoFJ0Ail7/IhJhhw2OwGyWgBv4HShRA20/czxvlQ2pOezcUxQOCJr5USM6dGvTOlDL38XVrw469m9boUzw==",
      "bundleDependencies": [
        "semver"
      ],
      "dependencies": {
        "@aws-cdk/cloud-assembly-schema": "1.124.0",
        "semver": "^7.3.5"
      },
      "engines": {
        "node": ">= 10.13.0 <13 || >=13.7.0"
      },
      "peerDependencies": {
        "@aws-cdk/cloud-assembly-schema": "1.124.0"
      }
    },
    "node_modules/@aws-cdk/cx-api/node_modules/lru-cache": {
      "version": "6.0.0",
      "inBundle": true,
      "license": "ISC",
      "dependencies": {
        "yallist": "^4.0.0"
      },
      "engines": {
        "node": ">=10"
      }
    },
    "node_modules/@aws-cdk/cx-api/node_modules/semver": {
      "version": "7.3.5",
      "inBundle": true,
      "license": "ISC",
      "dependencies": {
        "lru-cache": "^6.0.0"
      },
      "bin": {
        "semver": "bin/semver.js"
      },
      "engines": {
        "node": ">=10"
      }
    },
    "node_modules/@aws-cdk/cx-api/node_modules/yallist": {
      "version": "4.0.0",
      "inBundle": true,
      "license": "ISC"
    },
    "node_modules/@aws-cdk/region-info": {
      "version": "1.124.0",
      "resolved": "https://registry.npmjs.org/@aws-cdk/region-info/-/region-info-1.124.0.tgz",
      "integrity": "sha512-v8Msal5kCv5Juscj6Dxjzx4HHiYKD3rWDLBAvaDN/V3zCNGga3s8M2aM/n7po7HLjVW333VzyuOCHBYnSrtMIg==",
      "engines": {
        "node": ">= 10.13.0 <13 || >=13.7.0"
      }
    },
    "node_modules/@types/fs-extra": {
      "version": "9.0.13",
      "resolved": "https://registry.npmjs.org/@types/fs-extra/-/fs-extra-9.0.13.tgz",
      "integrity": "sha512-nEnwB++1u5lVDM2UI4c1+5R+FYaKfaAzS4OococimjVm3nQw3TuzH5UNsocrcTBbhnerblyHj4A49qXbIiZdpA==",
      "dependencies": {
        "@types/node": "*"
      }
    },
    "node_modules/@types/node": {
      "version": "16.11.7",
      "resolved": "https://registry.npmjs.org/@types/node/-/node-16.11.7.tgz",
      "integrity": "sha512-QB5D2sqfSjCmTuWcBWyJ+/44bcjO7VbjSbOE0ucoVbAsSNQc4Lt6QkgkVXkTDwkL4z/beecZNDvVX15D4P8Jbw=="
    },
    "node_modules/at-least-node": {
      "version": "1.0.0",
      "resolved": "https://registry.npmjs.org/at-least-node/-/at-least-node-1.0.0.tgz",
      "integrity": "sha512-+q/t7Ekv1EDY2l6Gda6LLiX14rU9TV20Wa3ofeQmwPFZbOMo9DXrLbOjFaaclkXKWidIaopwAObQDqwWtGUjqg==",
      "engines": {
        "node": ">= 4.0.0"
      }
    },
    "node_modules/constructs": {
      "version": "3.3.161",
      "resolved": "https://registry.npmjs.org/constructs/-/constructs-3.3.161.tgz",
      "integrity": "sha512-/27vW3fo0iyb3py4vKI1BduEYmv8vv8uJgLXvI+5F0Jbnn0/E+As2wkGMa7bumhzCd0Ckv/USkAXstGYVXTYQA==",
      "engines": {
        "node": ">= 12.7.0"
      }
    },
    "node_modules/fs-extra": {
      "version": "9.1.0",
      "resolved": "https://registry.npmjs.org/fs-extra/-/fs-extra-9.1.0.tgz",
      "integrity": "sha512-hcg3ZmepS30/7BSFqRvoo3DOMQu7IjqxO5nCDt+zM9XWjb33Wg7ziNT+Qvqbuc3+gWpzO02JubVyk2G4Zvo1OQ==",
      "dependencies": {
        "at-least-node": "^1.0.0",
        "graceful-fs": "^4.2.0",
        "jsonfile": "^6.0.1",
        "universalify": "^2.0.0"
      },
      "engines": {
        "node": ">=10"
      }
    },
    "node_modules/graceful-fs": {
      "version": "4.2.8",
      "resolved": "https://registry.npmjs.org/graceful-fs/-/graceful-fs-4.2.8.tgz",
      "integrity": "sha512-qkIilPUYcNhJpd33n0GBXTB1MMPp14TxEsEs0pTrsSVucApsYzW5V+Q8Qxhik6KU3evy+qkAAowTByymK0avdg=="
    },
    "node_modules/jsonfile": {
      "version": "6.1.0",
      "resolved": "https://registry.npmjs.org/jsonfile/-/jsonfile-6.1.0.tgz",
      "integrity": "sha512-5dgndWOriYSm5cnYaJNhalLNDKOqFwyDB/rr1E9ZsGciGvKPs8R2xYGCacuf3z6K1YKDz182fd+fY3cn3pMqXQ==",
      "dependencies": {
        "universalify": "^2.0.0"
      },
      "optionalDependencies": {
        "graceful-fs": "^4.1.6"
      }
    },
    "node_modules/typescript": {
      "version": "4.4.4",
      "resolved": "https://registry.npmjs.org/typescript/-/typescript-4.4.4.tgz",
      "integrity": "sha512-DqGhF5IKoBl8WNf8C1gu8q0xZSInh9j1kJJMqT3a94w1JzVaBU4EXOSMrz9yDqMT0xt3selp83fuFMQ0uzv6qA==",
      "dev": true,
      "bin": {
        "tsc": "bin/tsc",
        "tsserver": "bin/tsserver"
      },
      "engines": {
        "node": ">=4.2.0"
      }
    },
    "node_modules/universalify": {
      "version": "2.0.0",
      "resolved": "https://registry.npmjs.org/universalify/-/universalify-2.0.0.tgz",
      "integrity": "sha512-hAZsKq7Yy11Zu1DE0OzWjw7nnLZmJZYTDZZyEFHZdUhV8FkH5MCfoU1XMaxXovpyW5nq5scPqq0ZDP9Zyl04oQ==",
      "engines": {
        "node": ">= 10.0.0"
      }
    }
  },
  "dependencies": {
    "@aws-cdk/assets": {
      "version": "1.124.0",
      "resolved": "https://registry.npmjs.org/@aws-cdk/assets/-/assets-1.124.0.tgz",
      "integrity": "sha512-3ObGSa+DAwBO0B81IWuGyjIveFak/eZjARKDR0ZxWqXXotrtC2NzT/cHsscqwLzTw0WdDBT9JT/r3ib+PxzZ7g==",
      "requires": {
        "@aws-cdk/core": "1.124.0",
        "@aws-cdk/cx-api": "1.124.0",
        "constructs": "^3.3.69"
      }
    },
    "@aws-cdk/aws-applicationautoscaling": {
      "version": "1.124.0",
      "resolved": "https://registry.npmjs.org/@aws-cdk/aws-applicationautoscaling/-/aws-applicationautoscaling-1.124.0.tgz",
      "integrity": "sha512-gllRWs1PzmF2b+YjexjNx5fOKGJi9MfT3ggdPl/kVBbyc7qhyC6p6RVB0Q+FcTF9p0vM7ATAJgYN3eBzlB04/w==",
      "requires": {
        "@aws-cdk/aws-autoscaling-common": "1.124.0",
        "@aws-cdk/aws-cloudwatch": "1.124.0",
        "@aws-cdk/aws-iam": "1.124.0",
        "@aws-cdk/core": "1.124.0",
        "constructs": "^3.3.69"
      }
    },
    "@aws-cdk/aws-autoscaling-common": {
      "version": "1.124.0",
      "resolved": "https://registry.npmjs.org/@aws-cdk/aws-autoscaling-common/-/aws-autoscaling-common-1.124.0.tgz",
      "integrity": "sha512-Ef+YT0GSXtkc0jTwXmNqjbUtjHXgIg5FSt4lkfWRe2DzG/AeCEZDY0s+yUJMn6tXk1ubmqgIZO/i0VhTq8nW/g==",
      "requires": {
        "@aws-cdk/aws-iam": "1.124.0",
        "@aws-cdk/core": "1.124.0",
        "constructs": "^3.3.69"
      }
    },
    "@aws-cdk/aws-cloudwatch": {
      "version": "1.124.0",
      "resolved": "https://registry.npmjs.org/@aws-cdk/aws-cloudwatch/-/aws-cloudwatch-1.124.0.tgz",
      "integrity": "sha512-+CeTPF9U+lb6sR40JacovT+/fAaxxCuEa6GCOEiwDqX3vJD5zlYQ4Aj58cvuY7jUB48aavk+aSpgS/DCIepFOw==",
      "requires": {
        "@aws-cdk/aws-iam": "1.124.0",
        "@aws-cdk/core": "1.124.0",
        "constructs": "^3.3.69"
      }
    },
    "@aws-cdk/aws-codeguruprofiler": {
      "version": "1.124.0",
      "resolved": "https://registry.npmjs.org/@aws-cdk/aws-codeguruprofiler/-/aws-codeguruprofiler-1.124.0.tgz",
      "integrity": "sha512-KSbxNZeIkp0C9PoSCpJAgFvX5BlrjRS62L9mMwaZZ3atzlrKJdvOhUPJ512UcA+y8GrsK4AU8cKlCznEtSWcsw==",
      "requires": {
        "@aws-cdk/aws-iam": "1.124.0",
        "@aws-cdk/core": "1.124.0",
        "constructs": "^3.3.69"
      }
    },
    "@aws-cdk/aws-codestarnotifications": {
      "version": "1.124.0",
      "resolved": "https://registry.npmjs.org/@aws-cdk/aws-codestarnotifications/-/aws-codestarnotifications-1.124.0.tgz",
      "integrity": "sha512-4u8Sdd5hUMgWGdEVVp7q8yb7oG0LdVtJ443fNlcx2lNjz1OnUrM7sBHeodmT+8ILxDqbP+5qglwqHSWYBzzZ+w==",
      "requires": {
        "@aws-cdk/core": "1.124.0",
        "constructs": "^3.3.69"
      }
    },
    "@aws-cdk/aws-ec2": {
      "version": "1.124.0",
      "resolved": "https://registry.npmjs.org/@aws-cdk/aws-ec2/-/aws-ec2-1.124.0.tgz",
      "integrity": "sha512-G7h7jhbK5DUrPvxb7DXh3/ZPR1UtVaek6Hgd7/gV1oySbCEmxkPcJuODB/4rWe7CJHDNZJm1K1fldB1lDjpBsQ==",
      "requires": {
        "@aws-cdk/aws-cloudwatch": "1.124.0",
        "@aws-cdk/aws-iam": "1.124.0",
        "@aws-cdk/aws-kms": "1.124.0",
        "@aws-cdk/aws-logs": "1.124.0",
        "@aws-cdk/aws-s3": "1.124.0",
        "@aws-cdk/aws-s3-assets": "1.124.0",
        "@aws-cdk/aws-ssm": "1.124.0",
        "@aws-cdk/cloud-assembly-schema": "1.124.0",
        "@aws-cdk/core": "1.124.0",
        "@aws-cdk/cx-api": "1.124.0",
        "@aws-cdk/region-info": "1.124.0",
        "constructs": "^3.3.69"
      }
    },
    "@aws-cdk/aws-ecr": {
      "version": "1.124.0",
      "resolved": "https://registry.npmjs.org/@aws-cdk/aws-ecr/-/aws-ecr-1.124.0.tgz",
      "integrity": "sha512-0MjU7r4CdGvKDcQHfwopihTBXE72Mnr05mmanZPOZ6JL1PwHqLGaeRODgaVF1v4GAw5v3zDoKx+LThCq833CUg==",
      "requires": {
        "@aws-cdk/aws-events": "1.124.0",
        "@aws-cdk/aws-iam": "1.124.0",
        "@aws-cdk/core": "1.124.0",
        "constructs": "^3.3.69"
      }
    },
    "@aws-cdk/aws-ecr-assets": {
      "version": "1.124.0",
      "resolved": "https://registry.npmjs.org/@aws-cdk/aws-ecr-assets/-/aws-ecr-assets-1.124.0.tgz",
      "integrity": "sha512-wsajG5+wqwZ9+0dS18bCtVe4X6noJT8WKNNoe8nSk2UkUZwtt0J56Y9P7qtCrnMQFysBjIH0EP7jT6BUIAq01Q==",
      "requires": {
        "@aws-cdk/assets": "1.124.0",
        "@aws-cdk/aws-ecr": "1.124.0",
        "@aws-cdk/aws-iam": "1.124.0",
        "@aws-cdk/aws-s3": "1.124.0",
        "@aws-cdk/core": "1.124.0",
        "@aws-cdk/cx-api": "1.124.0",
        "constructs": "^3.3.69",
        "minimatch": "^3.0.4"
      },
      "dependencies": {
        "balanced-match": {
          "version": "1.0.2",
          "bundled": true
        },
        "brace-expansion": {
          "version": "1.1.11",
          "bundled": true,
          "requires": {
            "balanced-match": "^1.0.0",
            "concat-map": "0.0.1"
          }
        },
        "concat-map": {
          "version": "0.0.1",
          "bundled": true
        },
        "minimatch": {
          "version": "3.0.4",
          "bundled": true,
          "requires": {
            "brace-expansion": "^1.1.7"
          }
        }
      }
    },
    "@aws-cdk/aws-efs": {
      "version": "1.124.0",
      "resolved": "https://registry.npmjs.org/@aws-cdk/aws-efs/-/aws-efs-1.124.0.tgz",
      "integrity": "sha512-bhzFlyTcFTxPO4eEqHh06DFR7kxqtUcTZe9Wbd/gGrksJIU6LpmFOvGzuxBtDb/YyrjQmDc3yU+aeQo9htCm6A==",
      "requires": {
        "@aws-cdk/aws-ec2": "1.124.0",
        "@aws-cdk/aws-iam": "1.124.0",
        "@aws-cdk/aws-kms": "1.124.0",
        "@aws-cdk/cloud-assembly-schema": "1.124.0",
        "@aws-cdk/core": "1.124.0",
        "@aws-cdk/cx-api": "1.124.0",
        "constructs": "^3.3.69"
      }
    },
    "@aws-cdk/aws-events": {
      "version": "1.124.0",
      "resolved": "https://registry.npmjs.org/@aws-cdk/aws-events/-/aws-events-1.124.0.tgz",
      "integrity": "sha512-zF1RWh6YdGdns0zbym6b3mnp0LNsX0lPfyronHHZuHcybnPFLaCbHyUUZaw2iKnztIid4tGxnpKgxkfBIr/MsQ==",
      "requires": {
        "@aws-cdk/aws-iam": "1.124.0",
        "@aws-cdk/core": "1.124.0",
        "constructs": "^3.3.69"
      }
    },
    "@aws-cdk/aws-iam": {
      "version": "1.124.0",
      "resolved": "https://registry.npmjs.org/@aws-cdk/aws-iam/-/aws-iam-1.124.0.tgz",
      "integrity": "sha512-fuN+M7y/t8GH9KVgui84yTCM1zz7m/MZU/8a8lggkiP9j0d/wKiDq/vtiyvuNvPr0Mow9gFOB1y3DCunF48IwQ==",
      "requires": {
        "@aws-cdk/core": "1.124.0",
        "@aws-cdk/region-info": "1.124.0",
        "constructs": "^3.3.69"
      }
    },
    "@aws-cdk/aws-kms": {
      "version": "1.124.0",
      "resolved": "https://registry.npmjs.org/@aws-cdk/aws-kms/-/aws-kms-1.124.0.tgz",
      "integrity": "sha512-fsJCcRGZFGRruK0o3LbklHtMGV4rEvmDRLkEbWXu/U8sfn2uEF7MfdQHKjpVhkNT33pGTeEwYUO+vneZZsXfew==",
      "requires": {
        "@aws-cdk/aws-iam": "1.124.0",
        "@aws-cdk/cloud-assembly-schema": "1.124.0",
        "@aws-cdk/core": "1.124.0",
        "@aws-cdk/cx-api": "1.124.0",
        "constructs": "^3.3.69"
      }
    },
    "@aws-cdk/aws-lambda": {
      "version": "1.124.0",
      "resolved": "https://registry.npmjs.org/@aws-cdk/aws-lambda/-/aws-lambda-1.124.0.tgz",
      "integrity": "sha512-45Ttb6JCgDAlKXc3KR2dCUVM/SCkO2YArsI/mSWb7ECt676c4Ykhmaz/Zvrnl/3/21KVkG1hjLEY7ZoLa1ExNQ==",
      "requires": {
        "@aws-cdk/aws-applicationautoscaling": "1.124.0",
        "@aws-cdk/aws-cloudwatch": "1.124.0",
        "@aws-cdk/aws-codeguruprofiler": "1.124.0",
        "@aws-cdk/aws-ec2": "1.124.0",
        "@aws-cdk/aws-ecr": "1.124.0",
        "@aws-cdk/aws-ecr-assets": "1.124.0",
        "@aws-cdk/aws-efs": "1.124.0",
        "@aws-cdk/aws-events": "1.124.0",
        "@aws-cdk/aws-iam": "1.124.0",
        "@aws-cdk/aws-kms": "1.124.0",
        "@aws-cdk/aws-logs": "1.124.0",
        "@aws-cdk/aws-s3": "1.124.0",
        "@aws-cdk/aws-s3-assets": "1.124.0",
        "@aws-cdk/aws-signer": "1.124.0",
        "@aws-cdk/aws-sqs": "1.124.0",
        "@aws-cdk/core": "1.124.0",
        "@aws-cdk/cx-api": "1.124.0",
        "@aws-cdk/region-info": "1.124.0",
        "constructs": "^3.3.69"
      }
    },
    "@aws-cdk/aws-logs": {
      "version": "1.124.0",
      "resolved": "https://registry.npmjs.org/@aws-cdk/aws-logs/-/aws-logs-1.124.0.tgz",
      "integrity": "sha512-V5SnKmueSkgzMMJH+8SWWUFp3eQjmplNDGRjXfgBVYcrQU3AAvMw9KzP+PfFnjUBH40RUFyGIhPnCH4X+yTngA==",
      "requires": {
        "@aws-cdk/aws-cloudwatch": "1.124.0",
        "@aws-cdk/aws-iam": "1.124.0",
        "@aws-cdk/aws-kms": "1.124.0",
        "@aws-cdk/aws-s3-assets": "1.124.0",
        "@aws-cdk/core": "1.124.0",
        "constructs": "^3.3.69"
      }
    },
    "@aws-cdk/aws-s3": {
      "version": "1.124.0",
      "resolved": "https://registry.npmjs.org/@aws-cdk/aws-s3/-/aws-s3-1.124.0.tgz",
      "integrity": "sha512-9S0NZrIMX9wf2snJZVrumR3eSTExAznFBA/vgnVfGulcp9O+U81TEygHPORWSSB23pUGk2e0tDRQHKsrZ4v/aA==",
      "requires": {
        "@aws-cdk/aws-events": "1.124.0",
        "@aws-cdk/aws-iam": "1.124.0",
        "@aws-cdk/aws-kms": "1.124.0",
        "@aws-cdk/core": "1.124.0",
        "@aws-cdk/cx-api": "1.124.0",
        "constructs": "^3.3.69"
      }
    },
    "@aws-cdk/aws-s3-assets": {
      "version": "1.124.0",
      "resolved": "https://registry.npmjs.org/@aws-cdk/aws-s3-assets/-/aws-s3-assets-1.124.0.tgz",
      "integrity": "sha512-tl6AyIOIWWbLcBP1jjaWIkSiG3n0L9UhDJzrD68rybNKS6qOdxlcQqvNbsZWBBmZrypU+AjlhY5vx40WbDficQ==",
      "requires": {
        "@aws-cdk/assets": "1.124.0",
        "@aws-cdk/aws-iam": "1.124.0",
        "@aws-cdk/aws-kms": "1.124.0",
        "@aws-cdk/aws-s3": "1.124.0",
        "@aws-cdk/core": "1.124.0",
        "@aws-cdk/cx-api": "1.124.0",
        "constructs": "^3.3.69"
      }
    },
    "@aws-cdk/aws-signer": {
      "version": "1.124.0",
      "resolved": "https://registry.npmjs.org/@aws-cdk/aws-signer/-/aws-signer-1.124.0.tgz",
      "integrity": "sha512-wxZxzCSAcb1WCzikiUh3KYvW8b2L0/lh77R+54rbWQYgKhUlQn+DF3IK4ngg7vVFBXtYgIKxEY2Mqf3AqbW0fw==",
      "requires": {
        "@aws-cdk/core": "1.124.0",
        "constructs": "^3.3.69"
      }
    },
    "@aws-cdk/aws-sns": {
      "version": "1.124.0",
      "resolved": "https://registry.npmjs.org/@aws-cdk/aws-sns/-/aws-sns-1.124.0.tgz",
      "integrity": "sha512-cG1VyT6jM9SARw8aqPMdLtjbta1+hPhlFgyuAln8PvwhHSHPSyDDvkojd7zcxvVzELRj64IQ8HZ5l07JT76t+Q==",
      "requires": {
        "@aws-cdk/aws-cloudwatch": "1.124.0",
        "@aws-cdk/aws-codestarnotifications": "1.124.0",
        "@aws-cdk/aws-events": "1.124.0",
        "@aws-cdk/aws-iam": "1.124.0",
        "@aws-cdk/aws-kms": "1.124.0",
        "@aws-cdk/aws-sqs": "1.124.0",
        "@aws-cdk/core": "1.124.0",
        "constructs": "^3.3.69"
      }
    },
    "@aws-cdk/aws-sns-subscriptions": {
      "version": "1.124.0",
      "resolved": "https://registry.npmjs.org/@aws-cdk/aws-sns-subscriptions/-/aws-sns-subscriptions-1.124.0.tgz",
      "integrity": "sha512-7ycJOzCwNZIx8lYOunCVvU5rXv5dtUnayvMNeVKlKz+3in1p+7/XmCxDsDibVg6mbd0yE+G6LF+HToc0iFEc9A==",
      "requires": {
        "@aws-cdk/aws-iam": "1.124.0",
        "@aws-cdk/aws-kms": "1.124.0",
        "@aws-cdk/aws-lambda": "1.124.0",
        "@aws-cdk/aws-sns": "1.124.0",
        "@aws-cdk/aws-sqs": "1.124.0",
        "@aws-cdk/core": "1.124.0",
        "constructs": "^3.3.69"
      }
    },
    "@aws-cdk/aws-sqs": {
      "version": "1.124.0",
      "resolved": "https://registry.npmjs.org/@aws-cdk/aws-sqs/-/aws-sqs-1.124.0.tgz",
      "integrity": "sha512-yUOe+jC5fi+NHOEr3f5UHLJJxW2HRdE4aUjlF1wsAa+kwG9lecN4TlP2POTkZm0SkXeaA/4WHhhimDxKy54Djg==",
      "requires": {
        "@aws-cdk/aws-cloudwatch": "1.124.0",
        "@aws-cdk/aws-iam": "1.124.0",
        "@aws-cdk/aws-kms": "1.124.0",
        "@aws-cdk/core": "1.124.0",
        "constructs": "^3.3.69"
      }
    },
    "@aws-cdk/aws-ssm": {
      "version": "1.124.0",
      "resolved": "https://registry.npmjs.org/@aws-cdk/aws-ssm/-/aws-ssm-1.124.0.tgz",
      "integrity": "sha512-41mopAh9ZTg3SL04P0WOO1d3sCDYJL3A/fPWCxDuzizSojdI2EWqvKf/5Lu1NY1jYZG+2ls7xqgG4b8x9BDILw==",
      "requires": {
        "@aws-cdk/aws-iam": "1.124.0",
        "@aws-cdk/aws-kms": "1.124.0",
        "@aws-cdk/cloud-assembly-schema": "1.124.0",
        "@aws-cdk/core": "1.124.0",
        "constructs": "^3.3.69"
      }
    },
    "@aws-cdk/cloud-assembly-schema": {
      "version": "1.124.0",
      "resolved": "https://registry.npmjs.org/@aws-cdk/cloud-assembly-schema/-/cloud-assembly-schema-1.124.0.tgz",
      "integrity": "sha512-emrkfHetGoh6lhrT7ato06VAZun1UVYjJueL9avHxFgzX5qiobP4iWk6M0EZpk7yHlDOtJtp86MJalYYMS6Oww==",
      "requires": {
        "jsonschema": "^1.4.0",
        "semver": "^7.3.5"
      },
      "dependencies": {
        "jsonschema": {
          "version": "1.4.0",
          "bundled": true
        },
        "lru-cache": {
          "version": "6.0.0",
          "bundled": true,
          "requires": {
            "yallist": "^4.0.0"
          }
        },
        "semver": {
          "version": "7.3.5",
          "bundled": true,
          "requires": {
            "lru-cache": "^6.0.0"
          }
        },
        "yallist": {
          "version": "4.0.0",
          "bundled": true
        }
      }
    },
    "@aws-cdk/core": {
      "version": "1.124.0",
      "resolved": "https://registry.npmjs.org/@aws-cdk/core/-/core-1.124.0.tgz",
      "integrity": "sha512-QsTLvOuF+WJdtF11Bwuh+THWry7OmErs3XDaiHFweZPLMc2O3EEQvCgSKstH7Y9HUTpW7ZSGQHryxCjpTl1Wmg==",
      "requires": {
        "@aws-cdk/cloud-assembly-schema": "1.124.0",
        "@aws-cdk/cx-api": "1.124.0",
        "@aws-cdk/region-info": "1.124.0",
        "@balena/dockerignore": "^1.0.2",
        "constructs": "^3.3.69",
        "fs-extra": "^9.1.0",
        "ignore": "^5.1.8",
        "minimatch": "^3.0.4"
      },
      "dependencies": {
        "@balena/dockerignore": {
          "version": "1.0.2",
          "bundled": true
        },
        "at-least-node": {
          "version": "1.0.0",
          "bundled": true
        },
        "balanced-match": {
          "version": "1.0.2",
          "bundled": true
        },
        "brace-expansion": {
          "version": "1.1.11",
          "bundled": true,
          "requires": {
            "balanced-match": "^1.0.0",
            "concat-map": "0.0.1"
          }
        },
        "concat-map": {
          "version": "0.0.1",
          "bundled": true
        },
        "fs-extra": {
          "version": "9.1.0",
          "bundled": true,
          "requires": {
            "at-least-node": "^1.0.0",
            "graceful-fs": "^4.2.0",
            "jsonfile": "^6.0.1",
            "universalify": "^2.0.0"
          }
        },
        "graceful-fs": {
          "version": "4.2.6",
          "bundled": true
        },
        "ignore": {
          "version": "5.1.8",
          "bundled": true
        },
        "jsonfile": {
          "version": "6.1.0",
          "bundled": true,
          "requires": {
            "graceful-fs": "^4.1.6",
            "universalify": "^2.0.0"
          }
        },
        "minimatch": {
          "version": "3.0.4",
          "bundled": true,
          "requires": {
            "brace-expansion": "^1.1.7"
          }
        },
        "universalify": {
          "version": "2.0.0",
          "bundled": true
        }
      }
    },
    "@aws-cdk/cx-api": {
      "version": "1.124.0",
      "resolved": "https://registry.npmjs.org/@aws-cdk/cx-api/-/cx-api-1.124.0.tgz",
      "integrity": "sha512-InBcAoFJ0Ail7/IhJhhw2OwGyWgBv4HShRA20/czxvlQ2pOezcUxQOCJr5USM6dGvTOlDL38XVrw469m9boUzw==",
      "requires": {
        "@aws-cdk/cloud-assembly-schema": "1.124.0",
        "semver": "^7.3.5"
      },
      "dependencies": {
        "lru-cache": {
          "version": "6.0.0",
          "bundled": true,
          "requires": {
            "yallist": "^4.0.0"
          }
        },
        "semver": {
          "version": "7.3.5",
          "bundled": true,
          "requires": {
            "lru-cache": "^6.0.0"
          }
        },
        "yallist": {
          "version": "4.0.0",
          "bundled": true
        }
      }
    },
    "@aws-cdk/region-info": {
      "version": "1.124.0",
      "resolved": "https://registry.npmjs.org/@aws-cdk/region-info/-/region-info-1.124.0.tgz",
      "integrity": "sha512-v8Msal5kCv5Juscj6Dxjzx4HHiYKD3rWDLBAvaDN/V3zCNGga3s8M2aM/n7po7HLjVW333VzyuOCHBYnSrtMIg=="
    },
    "@types/fs-extra": {
      "version": "9.0.13",
      "resolved": "https://registry.npmjs.org/@types/fs-extra/-/fs-extra-9.0.13.tgz",
      "integrity": "sha512-nEnwB++1u5lVDM2UI4c1+5R+FYaKfaAzS4OococimjVm3nQw3TuzH5UNsocrcTBbhnerblyHj4A49qXbIiZdpA==",
      "requires": {
        "@types/node": "*"
      }
    },
    "@types/node": {
      "version": "16.11.7",
      "resolved": "https://registry.npmjs.org/@types/node/-/node-16.11.7.tgz",
      "integrity": "sha512-QB5D2sqfSjCmTuWcBWyJ+/44bcjO7VbjSbOE0ucoVbAsSNQc4Lt6QkgkVXkTDwkL4z/beecZNDvVX15D4P8Jbw=="
    },
    "at-least-node": {
      "version": "1.0.0",
      "resolved": "https://registry.npmjs.org/at-least-node/-/at-least-node-1.0.0.tgz",
      "integrity": "sha512-+q/t7Ekv1EDY2l6Gda6LLiX14rU9TV20Wa3ofeQmwPFZbOMo9DXrLbOjFaaclkXKWidIaopwAObQDqwWtGUjqg=="
    },
    "constructs": {
      "version": "3.3.161",
      "resolved": "https://registry.npmjs.org/constructs/-/constructs-3.3.161.tgz",
      "integrity": "sha512-/27vW3fo0iyb3py4vKI1BduEYmv8vv8uJgLXvI+5F0Jbnn0/E+As2wkGMa7bumhzCd0Ckv/USkAXstGYVXTYQA=="
    },
    "fs-extra": {
      "version": "9.1.0",
      "resolved": "https://registry.npmjs.org/fs-extra/-/fs-extra-9.1.0.tgz",
      "integrity": "sha512-hcg3ZmepS30/7BSFqRvoo3DOMQu7IjqxO5nCDt+zM9XWjb33Wg7ziNT+Qvqbuc3+gWpzO02JubVyk2G4Zvo1OQ==",
      "requires": {
        "at-least-node": "^1.0.0",
        "graceful-fs": "^4.2.0",
        "jsonfile": "^6.0.1",
        "universalify": "^2.0.0"
      }
    },
    "graceful-fs": {
      "version": "4.2.8",
      "resolved": "https://registry.npmjs.org/graceful-fs/-/graceful-fs-4.2.8.tgz",
      "integrity": "sha512-qkIilPUYcNhJpd33n0GBXTB1MMPp14TxEsEs0pTrsSVucApsYzW5V+Q8Qxhik6KU3evy+qkAAowTByymK0avdg=="
    },
    "jsonfile": {
      "version": "6.1.0",
      "resolved": "https://registry.npmjs.org/jsonfile/-/jsonfile-6.1.0.tgz",
      "integrity": "sha512-5dgndWOriYSm5cnYaJNhalLNDKOqFwyDB/rr1E9ZsGciGvKPs8R2xYGCacuf3z6K1YKDz182fd+fY3cn3pMqXQ==",
      "requires": {
        "graceful-fs": "^4.1.6",
        "universalify": "^2.0.0"
      }
    },
    "typescript": {
      "version": "4.4.4",
      "resolved": "https://registry.npmjs.org/typescript/-/typescript-4.4.4.tgz",
      "integrity": "sha512-DqGhF5IKoBl8WNf8C1gu8q0xZSInh9j1kJJMqT3a94w1JzVaBU4EXOSMrz9yDqMT0xt3selp83fuFMQ0uzv6qA==",
      "dev": true
    },
    "universalify": {
      "version": "2.0.0",
      "resolved": "https://registry.npmjs.org/universalify/-/universalify-2.0.0.tgz",
      "integrity": "sha512-hAZsKq7Yy11Zu1DE0OzWjw7nnLZmJZYTDZZyEFHZdUhV8FkH5MCfoU1XMaxXovpyW5nq5scPqq0ZDP9Zyl04oQ=="
    }
  }
}
